
Microsoft Visual Studio Solution File, Format Version 12.00
# Visual Studio 14
VisualStudioVersion = 14.0.25420.1
MinimumVisualStudioVersion = 10.0.40219.1
Project("{930C7802-8A8C-48F9-8165-68863BCCD9DD}") = "Setup", "Setup\Setup.wixproj", "{A471DB77-6C57-43B7-8D39-A01FAAD7BAAB}"
EndProject
Project("{FAE04EC0-301F-11D3-BF4B-00C04F79EFBC}") = "ITweakMyBuild", "ITweakMyBuild\ITweakMyBuild.csproj", "{7B333149-EBB9-4695-9941-98FA0142A5F9}"
EndProject
Project("{2150E333-8FDC-42A3-9474-1A3956D46DE8}") = "Solution Items", "Solution Items", "{C16AD655-7E3C-4BAE-827F-56602C318A64}"
	ProjectSection(SolutionItems) = preProject
		README.md = README.md
		ReleaseNotes.md = ReleaseNotes.md
	EndProjectSection
EndProject
Global
	GlobalSection(SolutionConfigurationPlatforms) = preSolution
		Debug|Any CPU = Debug|Any CPU
		Release|Any CPU = Release|Any CPU
	EndGlobalSection
	GlobalSection(ProjectConfigurationPlatforms) = postSolution
		{A471DB77-6C57-43B7-8D39-A01FAAD7BAAB}.Debug|Any CPU.ActiveCfg = Debug|x86
		{A471DB77-6C57-43B7-8D39-A01FAAD7BAAB}.Debug|Any CPU.Build.0 = Debug|x86
		{A471DB77-6C57-43B7-8D39-A01FAAD7BAAB}.Release|Any CPU.ActiveCfg = Release|x86
		{A471DB77-6C57-43B7-8D39-A01FAAD7BAAB}.Release|Any CPU.Build.0 = Release|x86
		{7B333149-EBB9-4695-9941-98FA0142A5F9}.Debug|Any CPU.ActiveCfg = Debug|Any CPU
		{7B333149-EBB9-4695-9941-98FA0142A5F9}.Debug|Any CPU.Build.0 = Debug|Any CPU
		{7B333149-EBB9-4695-9941-98FA0142A5F9}.Release|Any CPU.ActiveCfg = Release|Any CPU
		{7B333149-EBB9-4695-9941-98FA0142A5F9}.Release|Any CPU.Build.0 = Release|Any CPU
	EndGlobalSection
	GlobalSection(SolutionProperties) = preSolution
		HideSolutionNode = FALSE
	EndGlobalSection
EndGlobal
